{
  "nodes": {
    "home-manager": {
      "inputs": {
        "nixpkgs": [
          "nixpkgs"
        ]
      },
      "locked": {
        "lastModified": 1748627197,
        "narHash": "sha256-7dTtcq4Yi78cHfZcJaxlqkNs+cDBotrHjR9mkXfiUz4=",
        "owner": "nix-community",
        "repo": "home-manager",
        "rev": "379c9fb858ef9abe92d5590e7502a7c1387c076a",
        "type": "github"
      },
      "original": {
        "owner": "nix-community",
        "ref": "master",
        "repo": "home-manager",
        "type": "github"
      }
    },
    "nixpkgs": {
      "locked": {
        "lastModified": 1748720369,
        "narHash": "sha256-w+UTzecfeHGGWEhpSRPfLIvqdld7LTwxJ72TOEBLayg=",
        "owner": "NixOS",
        "repo": "nixpkgs",
        "rev": "47ea0dddda8364b3028d8b77ab2be43982ecb281",
        "type": "github"
      },
      "original": {
        "owner": "NixOS",
        "ref": "master",
        "repo": "nixpkgs",
        "type": "github"
      }
    },
    "root": {
      "inputs": {
        "home-manager": "home-manager",
        "nixpkgs": "nixpkgs"
      }
    }
  },
  "root": "root",
  "version": 7
}
