{
  "nodes": {
    "home-manager": {
      "inputs": {
        "nixpkgs": [
          "nixpkgs"
        ]
      },
      "locked": {
        "lastModified": 1749499854,
        "narHash": "sha256-V1BgwiX8NjbRreU6LC2EzmuqFSQAHhoSeNlYJyZ40NE=",
        "owner": "nix-community",
        "repo": "home-manager",
        "rev": "1df816c407d3a5090c8496c9b00170af7891f021",
        "type": "github"
      },
      "original": {
        "owner": "nix-community",
        "ref": "master",
        "repo": "home-manager",
        "type": "github"
      }
    },
    "nixpkgs": {
      "locked": {
        "lastModified": 1749499673,
        "narHash": "sha256-3yKp3+IG31tvkDyAFxr0yAPK27rrkL02+3gFSuHeZzM=",
        "owner": "NixOS",
        "repo": "nixpkgs",
        "rev": "8e7e6396705928c14795f6f8503f3b529fd8ea7c",
        "type": "github"
      },
      "original": {
        "owner": "NixOS",
        "ref": "master",
        "repo": "nixpkgs",
        "type": "github"
      }
    },
    "root": {
      "inputs": {
        "home-manager": "home-manager",
        "nixpkgs": "nixpkgs"
      }
    }
  },
  "root": "root",
  "version": 7
}
